
Microsoft Visual Studio Solution File, Format Version 12.00
# Visual Studio 15
VisualStudioVersion = 15.0.28307.102
MinimumVisualStudioVersion = 10.0.40219.1
Project("{FAE04EC0-301F-11D3-BF4B-00C04F79EFBC}") = "Test1", "Test1\Test1.csproj", "{C81AEADE-B53D-4A2A-99BA-5C334E1B8A5B}"
EndProject
Global
	GlobalSection(SolutionConfigurationPlatforms) = preSolution
		Debug|Any CPU = Debug|Any CPU
		Release|Any CPU = Release|Any CPU
	EndGlobalSection
	GlobalSection(ProjectConfigurationPlatforms) = postSolution
		{C81AEADE-B53D-4A2A-99BA-5C334E1B8A5B}.Debug|Any CPU.ActiveCfg = Debug|Any CPU
		{C81AEADE-B53D-4A2A-99BA-5C334E1B8A5B}.Debug|Any CPU.Build.0 = Debug|Any CPU
		{C81AEADE-B53D-4A2A-99BA-5C334E1B8A5B}.Release|Any CPU.ActiveCfg = Release|Any CPU
		{C81AEADE-B53D-4A2A-99BA-5C334E1B8A5B}.Release|Any CPU.Build.0 = Release|Any CPU
	EndGlobalSection
	GlobalSection(SolutionProperties) = preSolution
		HideSolutionNode = FALSE
	EndGlobalSection
	GlobalSection(ExtensibilityGlobals) = postSolution
		SolutionGuid = {2157B1E7-E834-4D25-BC7A-3A0882B6E984}
	EndGlobalSection
EndGlobal
